
Microsoft Visual Studio Solution File, Format Version 12.00
# Visual Studio Version 16
VisualStudioVersion = 16.0.33423.256
MinimumVisualStudioVersion = 10.0.40219.1
Project("{FAE04EC0-301F-11D3-BF4B-00C04F79EFBC}") = "HTTQ_PlayBack", "HTTQ_PlayBack.csproj", "{0762937C-1BA6-476E-9454-99DAEC3CFD48}"
EndProject
Global
	GlobalSection(SolutionConfigurationPlatforms) = preSolution
		Debug|Any CPU = Debug|Any CPU
		Release|Any CPU = Release|Any CPU
	EndGlobalSection
	GlobalSection(ProjectConfigurationPlatforms) = postSolution
		{0762937C-1BA6-476E-9454-99DAEC3CFD48}.Debug|Any CPU.ActiveCfg = Debug|Any CPU
		{0762937C-1BA6-476E-9454-99DAEC3CFD48}.Debug|Any CPU.Build.0 = Debug|Any CPU
		{0762937C-1BA6-476E-9454-99DAEC3CFD48}.Release|Any CPU.ActiveCfg = Release|Any CPU
		{0762937C-1BA6-476E-9454-99DAEC3CFD48}.Release|Any CPU.Build.0 = Release|Any CPU
	EndGlobalSection
	GlobalSection(SolutionProperties) = preSolution
		HideSolutionNode = FALSE
	EndGlobalSection
	GlobalSection(ExtensibilityGlobals) = postSolution
		SolutionGuid = {011DDDBC-D019-4876-AE25-ABA87F0DE725}
	EndGlobalSection
EndGlobal
